// !$*UTF8*$!
{
	archiveVersion = 1;
	classes = {
	};
	objectVersion = 50;
	objects = {

/* Begin PBXBuildFile section */
		D95F1EFC216D130800869359 /* AppDelegate.swift in Sources */ = {isa = PBXBuildFile; fileRef = D95F1EFB216D130800869359 /* AppDelegate.swift */; };
		D95F1EFE216D130800869359 /* ViewController.swift in Sources */ = {isa = PBXBuildFile; fileRef = D95F1EFD216D130800869359 /* ViewController.swift */; };
		D95F1F01216D130800869359 /* Main.storyboard in Resources */ = {isa = PBXBuildFile; fileRef = D95F1EFF216D130800869359 /* Main.storyboard */; };
		D95F1F04216D130800869359 /* WorldSolarV1.xcdatamodeld in Sources */ = {isa = PBXBuildFile; fileRef = D95F1F02216D130800869359 /* WorldSolarV1.xcdatamodeld */; };
		D95F1F06216D130B00869359 /* Assets.xcassets in Resources */ = {isa = PBXBuildFile; fileRef = D95F1F05216D130B00869359 /* Assets.xcassets */; };
		D95F1F09216D130B00869359 /* LaunchScreen.storyboard in Resources */ = {isa = PBXBuildFile; fileRef = D95F1F07216D130B00869359 /* LaunchScreen.storyboard */; };
/* End PBXBuildFile section */

/* Begin PBXFileReference section */
		D95F1EF8216D130800869359 /* WorldSolarV1.app */ = {isa = PBXFileReference; explicitFileType = wrapper.application; includeInIndex = 0; path = WorldSolarV1.app; sourceTree = BUILT_PRODUCTS_DIR; };
		D95F1EFB216D130800869359 /* AppDelegate.swift */ = {isa = PBXFileReference; lastKnownFileType = sourcecode.swift; path = AppDelegate.swift; sourceTree = "<group>"; };
		D95F1EFD216D130800869359 /* ViewController.swift */ = {isa = PBXFileReference; lastKnownFileType = sourcecode.swift; path = ViewController.swift; sourceTree = "<group>"; };
		D95F1F00216D130800869359 /* Base */ = {isa = PBXFileReference; lastKnownFileType = file.storyboard; name = Base; path = Base.lproj/Main.storyboard; sourceTree = "<group>"; };
		D95F1F03216D130800869359 /* WorldSolarV1.xcdatamodel */ = {isa = PBXFileReference; lastKnownFileType = wrapper.xcdatamodel; path = WorldSolarV1.xcdatamodel; sourceTree = "<group>"; };
		D95F1F05216D130B00869359 /* Assets.xcassets */ = {isa = PBXFileReference; lastKnownFileType = folder.assetcatalog; path = Assets.xcassets; sourceTree = "<group>"; };
		D95F1F08216D130B00869359 /* Base */ = {isa = PBXFileReference; lastKnownFileType = file.storyboard; name = Base; path = Base.lproj/LaunchScreen.storyboard; sourceTree = "<group>"; };
		D95F1F0A216D130B00869359 /* Info.plist */ = {isa = PBXFileReference; lastKnownFileType = text.plist.xml; path = Info.plist; sourceTree = "<group>"; };
/* End PBXFileReference section */

/* Begin PBXFrameworksBuildPhase section */
		D95F1EF5216D130800869359 /* Frameworks */ = {
			isa = PBXFrameworksBuildPhase;
			buildActionMask = 2147483647;
			files = (
			);
			runOnlyForDeploymentPostprocessing = 0;
		};
/* End PBXFrameworksBuildPhase section */

/* Begin PBXGroup section */
		D95F1EEF216D130800869359 = {
			isa = PBXGroup;
			children = (
				D95F1EFA216D130800869359 /* WorldSolarV1 */,
				D95F1EF9216D130800869359 /* Products */,
			);
			sourceTree = "<group>";
		};
		D95F1EF9216D130800869359 /* Products */ = {
			isa = PBXGroup;
			children = (
				D95F1EF8216D130800869359 /* WorldSolarV1.app */,
			);
			name = Products;
			sourceTree = "<group>";
		};
		D95F1EFA216D130800869359 /* WorldSolarV1 */ = {
			isa = PBXGroup;
			children = (
				D95F1EFB216D130800869359 /* AppDelegate.swift */,
				D95F1EFD216D130800869359 /* ViewController.swift */,
				D95F1EFF216D130800869359 /* Main.storyboard */,
				D95F1F05216D130B00869359 /* Assets.xcassets */,
				D95F1F07216D130B00869359 /* LaunchScreen.storyboard */,
				D95F1F0A216D130B00869359 /* Info.plist */,
				D95F1F02216D130800869359 /* WorldSolarV1.xcdatamodeld */,
			);
			path = WorldSolarV1;
			sourceTree = "<group>";
		};
/* End PBXGroup section */

/* Begin PBXNativeTarget section */
		D95F1EF7216D130800869359 /* WorldSolarV1 */ = {
			isa = PBXNativeTarget;
			buildConfigurationList = D95F1F0D216D130B00869359 /* Build configuration list for PBXNativeTarget "WorldSolarV1" */;
			buildPhases = (
				D95F1EF4216D130800869359 /* Sources */,
				D95F1EF5216D130800869359 /* Frameworks */,
				D95F1EF6216D130800869359 /* Resources */,
			);
			buildRules = (
			);
			dependencies = (
			);
			name = WorldSolarV1;
			productName = WorldSolarV1;
			productReference = D95F1EF8216D130800869359 /* WorldSolarV1.app */;
			productType = "com.apple.product-type.application";
		};
/* End PBXNativeTarget section */

/* Begin PBXProject section */
		D95F1EF0216D130800869359 /* Project object */ = {
			isa = PBXProject;
			attributes = {
				LastSwiftUpdateCheck = 0940;
				LastUpgradeCheck = 0940;
				ORGANIZATIONNAME = "Rick Mc";
				TargetAttributes = {
					D95F1EF7216D130800869359 = {
						CreatedOnToolsVersion = 9.4.1;
					};
				};
			};
			buildConfigurationList = D95F1EF3216D130800869359 /* Build configuration list for PBXProject "WorldSolarV1" */;
			compatibilityVersion = "Xcode 9.3";
			developmentRegion = en;
			hasScannedForEncodings = 0;
			knownRegions = (
				en,
				Base,
			);
			mainGroup = D95F1EEF216D130800869359;
			productRefGroup = D95F1EF9216D130800869359 /* Products */;
			projectDirPath = "";
			projectRoot = "";
			targets = (
				D95F1EF7216D130800869359 /* WorldSolarV1 */,
			);
		};
/* End PBXProject section */

/* Begin PBXResourcesBuildPhase section */
		D95F1EF6216D130800869359 /* Resources */ = {
			isa = PBXResourcesBuildPhase;
			buildActionMask = 2147483647;
			files = (
				D95F1F09216D130B00869359 /* LaunchScreen.storyboard in Resources */,
				D95F1F06216D130B00869359 /* Assets.xcassets in Resources */,
				D95F1F01216D130800869359 /* Main.storyboard in Resources */,
			);
			runOnlyForDeploymentPostprocessing = 0;
		};
/* End PBXResourcesBuildPhase section */

/* Begin PBXSourcesBuildPhase section */
		D95F1EF4216D130800869359 /* Sources */ = {
			isa = PBXSourcesBuildPhase;
			buildActionMask = 2147483647;
			files = (
				D95F1F04216D130800869359 /* WorldSolarV1.xcdatamodeld in Sources */,
				D95F1EFE216D130800869359 /* ViewController.swift in Sources */,
				D95F1EFC216D130800869359 /* AppDelegate.swift in Sources */,
			);
			runOnlyForDeploymentPostprocessing = 0;
		};
/* End PBXSourcesBuildPhase section */

/* Begin PBXVariantGroup section */
		D95F1EFF216D130800869359 /* Main.storyboard */ = {
			isa = PBXVariantGroup;
			children = (
				D95F1F00216D130800869359 /* Base */,
			);
			name = Main.storyboard;
			sourceTree = "<group>";
		};
		D95F1F07216D130B00869359 /* LaunchScreen.storyboard */ = {
			isa = PBXVariantGroup;
			children = (
				D95F1F08216D130B00869359 /* Base */,
			);
			name = LaunchScreen.storyboard;
			sourceTree = "<group>";
		};
/* End PBXVariantGroup section */

/* Begin XCBuildConfiguration section */
		D95F1F0B216D130B00869359 /* Debug */ = {
			isa = XCBuildConfiguration;
			buildSettings = {
				ALWAYS_SEARCH_USER_PATHS = NO;
				CLANG_ANALYZER_NONNULL = YES;
				CLANG_ANALYZER_NUMBER_OBJECT_CONVERSION = YES_AGGRESSIVE;
				CLANG_CXX_LANGUAGE_STANDARD = "gnu++14";
				CLANG_CXX_LIBRARY = "libc++";
				CLANG_ENABLE_MODULES = YES;
				CLANG_ENABLE_OBJC_ARC = YES;
				CLANG_ENABLE_OBJC_WEAK = YES;
				CLANG_WARN_BLOCK_CAPTURE_AUTORELEASING = YES;
				CLANG_WARN_BOOL_CONVERSION = YES;
				CLANG_WARN_COMMA = YES;
				CLANG_WARN_CONSTANT_CONVERSION = YES;
				CLANG_WARN_DEPRECATED_OBJC_IMPLEMENTATIONS = YES;
				CLANG_WARN_DIRECT_OBJC_ISA_USAGE = YES_ERROR;
				CLANG_WARN_DOCUMENTATION_COMMENTS = YES;
				CLANG_WARN_EMPTY_BODY = YES;
				CLANG_WARN_ENUM_CONVERSION = YES;
				CLANG_WARN_INFINITE_RECURSION = YES;
				CLANG_WARN_INT_CONVERSION = YES;
				CLANG_WARN_NON_LITERAL_NULL_CONVERSION = YES;
				CLANG_WARN_OBJC_IMPLICIT_RETAIN_SELF = YES;
				CLANG_WARN_OBJC_LITERAL_CONVERSION = YES;
				CLANG_WARN_OBJC_ROOT_CLASS = YES_ERROR;
				CLANG_WARN_RANGE_LOOP_ANALYSIS = YES;
				CLANG_WARN_STRICT_PROTOTYPES = YES;
				CLANG_WARN_SUSPICIOUS_MOVE = YES;
				CLANG_WARN_UNGUARDED_AVAILABILITY = YES_AGGRESSIVE;
				CLANG_WARN_UNREACHABLE_CODE = YES;
				CLANG_WARN__DUPLICATE_METHOD_MATCH = YES;
				CODE_SIGN_IDENTITY = "iPhone Developer";
				COPY_PHASE_STRIP = NO;
				DEBUG_INFORMATION_FORMAT = dwarf;
				ENABLE_STRICT_OBJC_MSGSEND = YES;
				ENABLE_TESTABILITY = YES;
				GCC_C_LANGUAGE_STANDARD = gnu11;
				GCC_DYNAMIC_NO_PIC = NO;
				GCC_NO_COMMON_BLOCKS = YES;
				GCC_OPTIMIZATION_LEVEL = 0;
				GCC_PREPROCESSOR_DEFINITIONS = (
					"DEBUG=1",
					"$(inherited)",
				);
				GCC_WARN_64_TO_32_BIT_CONVERSION = YES;
				GCC_WARN_ABOUT_RETURN_TYPE = YES_ERROR;
				GCC_WARN_UNDECLARED_SELECTOR = YES;
				GCC_WARN_UNINITIALIZED_AUTOS = YES_AGGRESSIVE;
				GCC_WARN_UNUSED_FUNCTION = YES;
				GCC_WARN_UNUSED_VARIABLE = YES;
				IPHONEOS_DEPLOYMENT_TARGET = 11.4;
				MTL_ENABLE_DEBUG_INFO = YES;
				ONLY_ACTIVE_ARCH = YES;
				SDKROOT = iphoneos;
				SWIFT_ACTIVE_COMPILATION_CONDITIONS = DEBUG;
				SWIFT_OPTIMIZATION_LEVEL = "-Onone";
			};
			name = Debug;
		};
		D95F1F0C216D130B00869359 /* Release */ = {
			isa = XCBuildConfiguration;
			buildSettings = {
				ALWAYS_SEARCH_USER_PATHS = NO;
				CLANG_ANALYZER_NONNULL = YES;
				CLANG_ANALYZER_NUMBER_OBJECT_CONVERSION = YES_AGGRESSIVE;
				CLANG_CXX_LANGUAGE_STANDARD = "gnu++14";
				CLANG_CXX_LIBRARY = "libc++";
				CLANG_ENABLE_MODULES = YES;
				CLANG_ENABLE_OBJC_ARC = YES;
				CLANG_ENABLE_OBJC_WEAK = YES;
				CLANG_WARN_BLOCK_CAPTURE_AUTORELEASING = YES;
				CLANG_WARN_BOOL_CONVERSION = YES;
				CLANG_WARN_COMMA = YES;
				CLANG_WARN_CONSTANT_CONVERSION = YES;
				CLANG_WARN_DEPRECATED_OBJC_IMPLEMENTATIONS = YES;
				CLANG_WARN_DIRECT_OBJC_ISA_USAGE = YES_ERROR;
				CLANG_WARN_DOCUMENTATION_COMMENTS = YES;
				CLANG_WARN_EMPTY_BODY = YES;
				CLANG_WARN_ENUM_CONVERSION = YES;
				CLANG_WARN_INFINITE_RECURSION = YES;
				CLANG_WARN_INT_CONVERSION = YES;
				CLANG_WARN_NON_LITERAL_NULL_CONVERSION = YES;
				CLANG_WARN_OBJC_IMPLICIT_RETAIN_SELF = YES;
				CLANG_WARN_OBJC_LITERAL_CONVERSION = YES;
				CLANG_WARN_OBJC_ROOT_CLASS = YES_ERROR;
				CLANG_WARN_RANGE_LOOP_ANALYSIS = YES;
				CLANG_WARN_STRICT_PROTOTYPES = YES;
				CLANG_WARN_SUSPICIOUS_MOVE = YES;
				CLANG_WARN_UNGUARDED_AVAILABILITY = YES_AGGRESSIVE;
				CLANG_WARN_UNREACHABLE_CODE = YES;
				CLANG_WARN__DUPLICATE_METHOD_MATCH = YES;
				CODE_SIGN_IDENTITY = "iPhone Developer";
				COPY_PHASE_STRIP = NO;
				DEBUG_INFORMATION_FORMAT = "dwarf-with-dsym";
				ENABLE_NS_ASSERTIONS = NO;
				ENABLE_STRICT_OBJC_MSGSEND = YES;
				GCC_C_LANGUAGE_STANDARD = gnu11;
				GCC_NO_COMMON_BLOCKS = YES;
				GCC_WARN_64_TO_32_BIT_CONVERSION = YES;
				GCC_WARN_ABOUT_RETURN_TYPE = YES_ERROR;
				GCC_WARN_UNDECLARED_SELECTOR = YES;
				GCC_WARN_UNINITIALIZED_AUTOS = YES_AGGRESSIVE;
				GCC_WARN_UNUSED_FUNCTION = YES;
				GCC_WARN_UNUSED_VARIABLE = YES;
				IPHONEOS_DEPLOYMENT_TARGET = 11.4;
				MTL_ENABLE_DEBUG_INFO = NO;
				SDKROOT = iphoneos;
				SWIFT_COMPILATION_MODE = wholemodule;
				SWIFT_OPTIMIZATION_LEVEL = "-O";
				VALIDATE_PRODUCT = YES;
			};
			name = Release;
		};
		D95F1F0E216D130B00869359 /* Debug */ = {
			isa = XCBuildConfiguration;
			buildSettings = {
				ASSETCATALOG_COMPILER_APPICON_NAME = AppIcon;
				CODE_SIGN_STYLE = Automatic;
				DEVELOPMENT_TEAM = QRQ54Q87Y5;
				INFOPLIST_FILE = WorldSolarV1/Info.plist;
				LD_RUNPATH_SEARCH_PATHS = (
					"$(inherited)",
					"@executable_path/Frameworks",
				);
				PRODUCT_BUNDLE_IDENTIFIER = Techmode.WorldSolarV1;
				PRODUCT_NAME = "$(TARGET_NAME)";
				SWIFT_VERSION = 4.0;
				TARGETED_DEVICE_FAMILY = "1,2";
			};
			name = Debug;
		};
		D95F1F0F216D130B00869359 /* Release */ = {
			isa = XCBuildConfiguration;
			buildSettings = {
				ASSETCATALOG_COMPILER_APPICON_NAME = AppIcon;
				CODE_SIGN_STYLE = Automatic;
				DEVELOPMENT_TEAM = QRQ54Q87Y5;
				INFOPLIST_FILE = WorldSolarV1/Info.plist;
				LD_RUNPATH_SEARCH_PATHS = (
					"$(inherited)",
					"@executable_path/Frameworks",
				);
				PRODUCT_BUNDLE_IDENTIFIER = Techmode.WorldSolarV1;
				PRODUCT_NAME = "$(TARGET_NAME)";
				SWIFT_VERSION = 4.0;
				TARGETED_DEVICE_FAMILY = "1,2";
			};
			name = Release;
		};
/* End XCBuildConfiguration section */

/* Begin XCConfigurationList section */
		D95F1EF3216D130800869359 /* Build configuration list for PBXProject "WorldSolarV1" */ = {
			isa = XCConfigurationList;
			buildConfigurations = (
				D95F1F0B216D130B00869359 /* Debug */,
				D95F1F0C216D130B00869359 /* Release */,
			);
			defaultConfigurationIsVisible = 0;
			defaultConfigurationName = Release;
		};
		D95F1F0D216D130B00869359 /* Build configuration list for PBXNativeTarget "WorldSolarV1" */ = {
			isa = XCConfigurationList;
			buildConfigurations = (
				D95F1F0E216D130B00869359 /* Debug */,
				D95F1F0F216D130B00869359 /* Release */,
			);
			defaultConfigurationIsVisible = 0;
			defaultConfigurationName = Release;
		};
/* End XCConfigurationList section */

/* Begin XCVersionGroup section */
		D95F1F02216D130800869359 /* WorldSolarV1.xcdatamodeld */ = {
			isa = XCVersionGroup;
			children = (
				D95F1F03216D130800869359 /* WorldSolarV1.xcdatamodel */,
			);
			currentVersion = D95F1F03216D130800869359 /* WorldSolarV1.xcdatamodel */;
			path = WorldSolarV1.xcdatamodeld;
			sourceTree = "<group>";
			versionGroupType = wrapper.xcdatamodel;
		};
/* End XCVersionGroup section */
	};
	rootObject = D95F1EF0216D130800869359 /* Project object */;
}
